
Microsoft Visual Studio Solution File, Format Version 12.00
# Visual Studio Version 17
VisualStudioVersion = 17.10.35122.118
MinimumVisualStudioVersion = 10.0.40219.1
Project("{8BC9CEB8-8B4A-11D0-8D11-00A0C91BC942}") = "OpenGLStudy", "OpenGLStudy\OpenGLStudy.vcxproj", "{76B0C9DC-A621-47CE-9B98-D0E38ED8BECE}"
EndProject
Global
	GlobalSection(SolutionConfigurationPlatforms) = preSolution
		Debug|x64 = Debug|x64
		Release|x64 = Release|x64
	EndGlobalSection
	GlobalSection(ProjectConfigurationPlatforms) = postSolution
		{76B0C9DC-A621-47CE-9B98-D0E38ED8BECE}.Debug|x64.ActiveCfg = Debug|x64
		{76B0C9DC-A621-47CE-9B98-D0E38ED8BECE}.Debug|x64.Build.0 = Debug|x64
		{76B0C9DC-A621-47CE-9B98-D0E38ED8BECE}.Release|x64.ActiveCfg = Release|x64
		{76B0C9DC-A621-47CE-9B98-D0E38ED8BECE}.Release|x64.Build.0 = Release|x64
	EndGlobalSection
	GlobalSection(SolutionProperties) = preSolution
		HideSolutionNode = FALSE
	EndGlobalSection
	GlobalSection(ExtensibilityGlobals) = postSolution
		SolutionGuid = {CD805704-EB15-48EA-88A3-20EF617A6C4F}
	EndGlobalSection
EndGlobal
