<?xml version="1.0" encoding="utf-8"?>
<Project ToolsVersion="4.0" xmlns="http://schemas.microsoft.com/developer/msbuild/2003">
  <ItemGroup>
    <Filter Include="Source Files">
      <UniqueIdentifier>{4FC737F1-C7A5-4376-A066-2A32D752A2FF}</UniqueIdentifier>
      <Extensions>qml;cpp;c;cc;cxx;def;odl;idl;hpj;bat;asm;asmx</Extensions>
    </Filter>
    <Filter Include="Header Files">
      <UniqueIdentifier>{93995380-89BD-4b04-88EB-625FBE52EBFB}</UniqueIdentifier>
      <Extensions>h;hh;hpp;hxx;hm;inl;inc;xsd</Extensions>
    </Filter>
    <Filter Include="Resource Files">
      <UniqueIdentifier>{67DA6AB6-F800-4c08-8B7A-83BB121AAD01}</UniqueIdentifier>
      <Extensions>qrc;rc;ico;cur;bmp;dlg;rc2;rct;bin;rgs;gif;jpg;jpeg;jpe;resx;tiff;tif;png;wav;mfcribbon-ms</Extensions>
    </Filter>
    <Filter Include="Form Files">
      <UniqueIdentifier>{99349809-55BA-4b9d-BF79-8FDBB0286EB3}</UniqueIdentifier>
      <Extensions>ui</Extensions>
    </Filter>
    <Filter Include="Translation Files">
      <UniqueIdentifier>{639EADAA-A684-42e4-A9AD-28FC9BCB8F7C}</UniqueIdentifier>
      <Extensions>ts</Extensions>
    </Filter>
    <Filter Include="Shaders">
      <UniqueIdentifier>{82b9fbe3-e5f1-467d-94dd-2a4abd800c22}</UniqueIdentifier>
    </Filter>
    <Filter Include="Shaders\Vexture">
      <UniqueIdentifier>{183928be-4520-4b62-8369-578321d50483}</UniqueIdentifier>
    </Filter>
    <Filter Include="Shaders\Circle">
      <UniqueIdentifier>{002e1c05-c285-4f94-81f0-f38ccec41951}</UniqueIdentifier>
    </Filter>
  </ItemGroup>
  <ItemGroup>
    <QtRcc Include="OpenGLStudy.qrc">
      <Filter>Resource Files</Filter>
    </QtRcc>
    <QtUic Include="OpenGLStudy.ui">
      <Filter>Form Files</Filter>
    </QtUic>
    <QtMoc Include="OpenGLStudy.h">
      <Filter>Header Files</Filter>
    </QtMoc>
    <ClCompile Include="OpenGLStudy.cpp">
      <Filter>Source Files</Filter>
    </ClCompile>
  </ItemGroup>
  <ItemGroup>
    <ClCompile Include="main.cpp">
      <Filter>Source Files</Filter>
    </ClCompile>
    <ClCompile Include="Common.cpp">
      <Filter>Source Files</Filter>
    </ClCompile>
    <ClCompile Include="src\DemoVexture.cpp">
      <Filter>Source Files</Filter>
    </ClCompile>
    <ClCompile Include="src\DemoCircleBorder.cpp">
      <Filter>Source Files</Filter>
    </ClCompile>
    <ClCompile Include="src\DemoCircleRectangle.cpp">
      <Filter>Source Files</Filter>
    </ClCompile>
    <ClCompile Include="src\DemoLine.cpp">
      <Filter>Source Files</Filter>
    </ClCompile>
    <ClCompile Include="src\DemoCircle.cpp">
      <Filter>Source Files</Filter>
    </ClCompile>
  </ItemGroup>
  <ItemGroup>
    <ClInclude Include="Shader.h">
      <Filter>Header Files</Filter>
    </ClInclude>
    <ClInclude Include="src\Common.h">
      <Filter>Header Files</Filter>
    </ClInclude>
    <ClInclude Include="src\DemoVexture.h">
      <Filter>Header Files</Filter>
    </ClInclude>
  </ItemGroup>
  <ItemGroup>
    <None Include="shaders\Vexture\shader_f.glsl">
      <Filter>Shaders\Vexture</Filter>
    </None>
    <None Include="shaders\Vexture\shader_v.glsl">
      <Filter>Shaders\Vexture</Filter>
    </None>
    <None Include="shaders\Circle\shader_f.glsl">
      <Filter>Shaders\Circle</Filter>
    </None>
    <None Include="shaders\Circle\shader_v.glsl">
      <Filter>Shaders\Circle</Filter>
    </None>
    <None Include="shaders\Circle\Circle_f.glsl">
      <Filter>Shaders\Circle</Filter>
    </None>
    <None Include="shaders\Circle\Circle_v.glsl">
      <Filter>Shaders\Circle</Filter>
    </None>
    <None Include="shaders\Circle\CircleDemo1_f.glsl">
      <Filter>Shaders\Circle</Filter>
    </None>
  </ItemGroup>
</Project>